
Microsoft Visual Studio Solution File, Format Version 12.00
# Visual Studio Version 16
VisualStudioVersion = 16.0.29215.179
MinimumVisualStudioVersion = 10.0.40219.1
Project("{2150E333-8FDC-42A3-9474-1A3956D46DE8}") = "allow-sync-io", "allow-sync-io", "{D0714E99-0B62-44EE-B2B5-4B2E8E1C4D08}"
EndProject
Project("{9A19103F-16F7-4668-BE54-9A1E7A4F7556}") = "AllowSyncIO", "allow-sync-io\AllowSyncIO\AllowSyncIO.csproj", "{69699EBB-3638-473C-9FCF-78053B1ACBD6}"
EndProject
Project("{2150E333-8FDC-42A3-9474-1A3956D46DE8}") = "endpoint-routing", "endpoint-routing", "{56CDFAFD-3ACD-4BB2-9A59-A6F5C11C9BFC}"
EndProject
Project("{9A19103F-16F7-4668-BE54-9A1E7A4F7556}") = "EndPointRouting", "endpoint-routing\EndPointRouting\EndPointRouting.csproj", "{817725CF-1D78-4CAC-8B2F-B2315C51586B}"
EndProject
Project("{2150E333-8FDC-42A3-9474-1A3956D46DE8}") = "endpoint-routing2", "endpoint-routing2", "{B8907535-2EFC-49EC-A41D-19CD8740C941}"
EndProject
Project("{9A19103F-16F7-4668-BE54-9A1E7A4F7556}") = "EndpointRouting2", "endpoint-routing2\EndpointRouting2\EndpointRouting2.csproj", "{BBC8D6F9-9C88-4D42-B997-CDAFA9961DB4}"
EndProject
Project("{2150E333-8FDC-42A3-9474-1A3956D46DE8}") = "endpoint-routing-3", "endpoint-routing-3", "{4FC64A62-1A04-463E-BF4F-120CAEA89207}"
EndProject
Project("{9A19103F-16F7-4668-BE54-9A1E7A4F7556}") = "EndpointRouting3", "endpoint-routing3\EndpointRouting3\EndpointRouting3.csproj", "{E648FDFA-B978-4A6F-A6E6-55F113AC2C86}"
EndProject
Project("{2150E333-8FDC-42A3-9474-1A3956D46DE8}") = "endpoint-routing4", "endpoint-routing4", "{66BAEC87-809C-40CB-960D-8DE1ECD3AA42}"
EndProject
Project("{9A19103F-16F7-4668-BE54-9A1E7A4F7556}") = "EndpointRouting4", "endpoint-routing4\EndpointRouting4\EndpointRouting4.csproj", "{F22CBAF1-8254-4AC9-B50B-607545F650A3}"
EndProject
Project("{2150E333-8FDC-42A3-9474-1A3956D46DE8}") = "endpoint-routing5", "endpoint-routing5", "{EC3EF40C-4237-4B60-B73C-D3EAD4349F1F}"
EndProject
Project("{9A19103F-16F7-4668-BE54-9A1E7A4F7556}") = "EndpointRouting5", "endpoint-routing5\EndpointRouting5\EndpointRouting5.csproj", "{037D00E9-EBD3-4BD3-83E9-BE9978D4ADF7}"
EndProject
Project("{2150E333-8FDC-42A3-9474-1A3956D46DE8}") = "health-check", "health-check", "{7B9D1BBB-B053-4390-B23E-10D5878EB1EA}"
EndProject
Project("{9A19103F-16F7-4668-BE54-9A1E7A4F7556}") = "HealthCheck", "health-check\HealthCheck\HealthCheck.csproj", "{58E4833E-766B-4EA6-92FD-E0B861677884}"
EndProject
Project("{2150E333-8FDC-42A3-9474-1A3956D46DE8}") = "health-check-2", "health-check-2", "{98456FBF-807A-46BB-9E81-FB72053455A8}"
EndProject
Project("{9A19103F-16F7-4668-BE54-9A1E7A4F7556}") = "HealthCheck2", "health-check-2\HealthCheck2\HealthCheck2.csproj", "{A2A69C7C-F1CE-4056-AC89-FC5246E5035F}"
EndProject
Project("{2150E333-8FDC-42A3-9474-1A3956D46DE8}") = "health-check-3", "health-check-3", "{B04B76D8-DC8E-42DC-BA7F-7320CBA3BA59}"
EndProject
Project("{9A19103F-16F7-4668-BE54-9A1E7A4F7556}") = "HealthCheck3", "health-check-3\HealthCheck3\HealthCheck3.csproj", "{60B7457C-9307-45C4-8422-5D6C791EDC44}"
EndProject
Project("{2150E333-8FDC-42A3-9474-1A3956D46DE8}") = "health-check-4", "health-check-4", "{C28E4AD1-A817-4FB2-AA2C-B892AAAD49E2}"
EndProject
Project("{9A19103F-16F7-4668-BE54-9A1E7A4F7556}") = "HealthCheck4", "health-check-4\HealthCheck4\HealthCheck4.csproj", "{AB4373F8-A6BA-4BD5-8E2A-70769BF10719}"
EndProject
Project("{FAE04EC0-301F-11D3-BF4B-00C04F79EFBC}") = "HealthCheck5", "health-check-5\HealthCheck5\HealthCheck5.csproj", "{B4DF847E-6AC8-4D0C-B17C-539A0715F83E}"
EndProject
Project("{2150E333-8FDC-42A3-9474-1A3956D46DE8}") = "health-check-5", "health-check-5", "{CFC5438C-7013-4E55-960B-5F7CFBF130DA}"
EndProject
Project("{FAE04EC0-301F-11D3-BF4B-00C04F79EFBC}") = "HealthCheck6", "health-check-6\HealthCheck6\HealthCheck6.csproj", "{0284E84C-E8CF-4C10-8D71-9EFA9258564C}"
EndProject
Project("{2150E333-8FDC-42A3-9474-1A3956D46DE8}") = "health-check-6", "health-check-6", "{FAA3163E-2E35-458B-A16F-33D0775FD978}"
EndProject
Project("{2150E333-8FDC-42A3-9474-1A3956D46DE8}") = "new-redis-caching-package", "new-redis-caching-package", "{C48DA6FF-8685-480C-A387-F44380EC3753}"
EndProject
Project("{FAE04EC0-301F-11D3-BF4B-00C04F79EFBC}") = "NewRedisCachingPackage", "new-redis-caching-package\NewRedisCachingPackage\NewRedisCachingPackage.csproj", "{10F0D50C-4BDF-4B82-B671-6E562BBCC76C}"
EndProject
Project("{2150E333-8FDC-42A3-9474-1A3956D46DE8}") = "parameter-transformer", "parameter-transformer", "{E0989DB6-A023-4D91-8B4F-1089F4205381}"
EndProject
Project("{FAE04EC0-301F-11D3-BF4B-00C04F79EFBC}") = "ParameterTransformer", "parameter-transformer\ParameterTransformer\ParameterTransformer.csproj", "{CA828D57-5A96-464D-A34A-27EC5639BC28}"
EndProject
Project("{2150E333-8FDC-42A3-9474-1A3956D46DE8}") = "slidingCache", "slidingCache", "{B444DA02-4038-4114-88B4-4AE2BBB8205E}"
EndProject
Project("{FAE04EC0-301F-11D3-BF4B-00C04F79EFBC}") = "slidingCacheConsole", "slidingCache\slidingCacheConsole\slidingCacheConsole.csproj", "{A08EDCAB-7AEB-4927-B064-5EA5A3ED8273}"
EndProject
Global
	GlobalSection(SolutionConfigurationPlatforms) = preSolution
		Debug|Any CPU = Debug|Any CPU
		Release|Any CPU = Release|Any CPU
	EndGlobalSection
	GlobalSection(ProjectConfigurationPlatforms) = postSolution
		{69699EBB-3638-473C-9FCF-78053B1ACBD6}.Debug|Any CPU.ActiveCfg = Debug|Any CPU
		{69699EBB-3638-473C-9FCF-78053B1ACBD6}.Debug|Any CPU.Build.0 = Debug|Any CPU
		{69699EBB-3638-473C-9FCF-78053B1ACBD6}.Release|Any CPU.ActiveCfg = Release|Any CPU
		{69699EBB-3638-473C-9FCF-78053B1ACBD6}.Release|Any CPU.Build.0 = Release|Any CPU
		{817725CF-1D78-4CAC-8B2F-B2315C51586B}.Debug|Any CPU.ActiveCfg = Debug|Any CPU
		{817725CF-1D78-4CAC-8B2F-B2315C51586B}.Debug|Any CPU.Build.0 = Debug|Any CPU
		{817725CF-1D78-4CAC-8B2F-B2315C51586B}.Release|Any CPU.ActiveCfg = Release|Any CPU
		{817725CF-1D78-4CAC-8B2F-B2315C51586B}.Release|Any CPU.Build.0 = Release|Any CPU
		{BBC8D6F9-9C88-4D42-B997-CDAFA9961DB4}.Debug|Any CPU.ActiveCfg = Debug|Any CPU
		{BBC8D6F9-9C88-4D42-B997-CDAFA9961DB4}.Debug|Any CPU.Build.0 = Debug|Any CPU
		{BBC8D6F9-9C88-4D42-B997-CDAFA9961DB4}.Release|Any CPU.ActiveCfg = Release|Any CPU
		{BBC8D6F9-9C88-4D42-B997-CDAFA9961DB4}.Release|Any CPU.Build.0 = Release|Any CPU
		{E648FDFA-B978-4A6F-A6E6-55F113AC2C86}.Debug|Any CPU.ActiveCfg = Debug|Any CPU
		{E648FDFA-B978-4A6F-A6E6-55F113AC2C86}.Debug|Any CPU.Build.0 = Debug|Any CPU
		{E648FDFA-B978-4A6F-A6E6-55F113AC2C86}.Release|Any CPU.ActiveCfg = Release|Any CPU
		{E648FDFA-B978-4A6F-A6E6-55F113AC2C86}.Release|Any CPU.Build.0 = Release|Any CPU
		{F22CBAF1-8254-4AC9-B50B-607545F650A3}.Debug|Any CPU.ActiveCfg = Debug|Any CPU
		{F22CBAF1-8254-4AC9-B50B-607545F650A3}.Debug|Any CPU.Build.0 = Debug|Any CPU
		{F22CBAF1-8254-4AC9-B50B-607545F650A3}.Release|Any CPU.ActiveCfg = Release|Any CPU
		{F22CBAF1-8254-4AC9-B50B-607545F650A3}.Release|Any CPU.Build.0 = Release|Any CPU
		{037D00E9-EBD3-4BD3-83E9-BE9978D4ADF7}.Debug|Any CPU.ActiveCfg = Debug|Any CPU
		{037D00E9-EBD3-4BD3-83E9-BE9978D4ADF7}.Debug|Any CPU.Build.0 = Debug|Any CPU
		{037D00E9-EBD3-4BD3-83E9-BE9978D4ADF7}.Release|Any CPU.ActiveCfg = Release|Any CPU
		{037D00E9-EBD3-4BD3-83E9-BE9978D4ADF7}.Release|Any CPU.Build.0 = Release|Any CPU
		{58E4833E-766B-4EA6-92FD-E0B861677884}.Debug|Any CPU.ActiveCfg = Debug|Any CPU
		{58E4833E-766B-4EA6-92FD-E0B861677884}.Debug|Any CPU.Build.0 = Debug|Any CPU
		{58E4833E-766B-4EA6-92FD-E0B861677884}.Release|Any CPU.ActiveCfg = Release|Any CPU
		{58E4833E-766B-4EA6-92FD-E0B861677884}.Release|Any CPU.Build.0 = Release|Any CPU
		{A2A69C7C-F1CE-4056-AC89-FC5246E5035F}.Debug|Any CPU.ActiveCfg = Debug|Any CPU
		{A2A69C7C-F1CE-4056-AC89-FC5246E5035F}.Debug|Any CPU.Build.0 = Debug|Any CPU
		{A2A69C7C-F1CE-4056-AC89-FC5246E5035F}.Release|Any CPU.ActiveCfg = Release|Any CPU
		{A2A69C7C-F1CE-4056-AC89-FC5246E5035F}.Release|Any CPU.Build.0 = Release|Any CPU
		{60B7457C-9307-45C4-8422-5D6C791EDC44}.Debug|Any CPU.ActiveCfg = Debug|Any CPU
		{60B7457C-9307-45C4-8422-5D6C791EDC44}.Debug|Any CPU.Build.0 = Debug|Any CPU
		{60B7457C-9307-45C4-8422-5D6C791EDC44}.Release|Any CPU.ActiveCfg = Release|Any CPU
		{60B7457C-9307-45C4-8422-5D6C791EDC44}.Release|Any CPU.Build.0 = Release|Any CPU
		{AB4373F8-A6BA-4BD5-8E2A-70769BF10719}.Debug|Any CPU.ActiveCfg = Debug|Any CPU
		{AB4373F8-A6BA-4BD5-8E2A-70769BF10719}.Debug|Any CPU.Build.0 = Debug|Any CPU
		{AB4373F8-A6BA-4BD5-8E2A-70769BF10719}.Release|Any CPU.ActiveCfg = Release|Any CPU
		{AB4373F8-A6BA-4BD5-8E2A-70769BF10719}.Release|Any CPU.Build.0 = Release|Any CPU
		{B4DF847E-6AC8-4D0C-B17C-539A0715F83E}.Debug|Any CPU.ActiveCfg = Debug|Any CPU
		{B4DF847E-6AC8-4D0C-B17C-539A0715F83E}.Debug|Any CPU.Build.0 = Debug|Any CPU
		{B4DF847E-6AC8-4D0C-B17C-539A0715F83E}.Release|Any CPU.ActiveCfg = Release|Any CPU
		{B4DF847E-6AC8-4D0C-B17C-539A0715F83E}.Release|Any CPU.Build.0 = Release|Any CPU
		{0284E84C-E8CF-4C10-8D71-9EFA9258564C}.Debug|Any CPU.ActiveCfg = Debug|Any CPU
		{0284E84C-E8CF-4C10-8D71-9EFA9258564C}.Debug|Any CPU.Build.0 = Debug|Any CPU
		{0284E84C-E8CF-4C10-8D71-9EFA9258564C}.Release|Any CPU.ActiveCfg = Release|Any CPU
		{0284E84C-E8CF-4C10-8D71-9EFA9258564C}.Release|Any CPU.Build.0 = Release|Any CPU
		{10F0D50C-4BDF-4B82-B671-6E562BBCC76C}.Debug|Any CPU.ActiveCfg = Debug|Any CPU
		{10F0D50C-4BDF-4B82-B671-6E562BBCC76C}.Debug|Any CPU.Build.0 = Debug|Any CPU
		{10F0D50C-4BDF-4B82-B671-6E562BBCC76C}.Release|Any CPU.ActiveCfg = Release|Any CPU
		{10F0D50C-4BDF-4B82-B671-6E562BBCC76C}.Release|Any CPU.Build.0 = Release|Any CPU
		{CA828D57-5A96-464D-A34A-27EC5639BC28}.Debug|Any CPU.ActiveCfg = Debug|Any CPU
		{CA828D57-5A96-464D-A34A-27EC5639BC28}.Debug|Any CPU.Build.0 = Debug|Any CPU
		{CA828D57-5A96-464D-A34A-27EC5639BC28}.Release|Any CPU.ActiveCfg = Release|Any CPU
		{CA828D57-5A96-464D-A34A-27EC5639BC28}.Release|Any CPU.Build.0 = Release|Any CPU
		{A08EDCAB-7AEB-4927-B064-5EA5A3ED8273}.Debug|Any CPU.ActiveCfg = Debug|Any CPU
		{A08EDCAB-7AEB-4927-B064-5EA5A3ED8273}.Debug|Any CPU.Build.0 = Debug|Any CPU
		{A08EDCAB-7AEB-4927-B064-5EA5A3ED8273}.Release|Any CPU.ActiveCfg = Release|Any CPU
		{A08EDCAB-7AEB-4927-B064-5EA5A3ED8273}.Release|Any CPU.Build.0 = Release|Any CPU
	EndGlobalSection
	GlobalSection(SolutionProperties) = preSolution
		HideSolutionNode = FALSE
	EndGlobalSection
	GlobalSection(NestedProjects) = preSolution
		{69699EBB-3638-473C-9FCF-78053B1ACBD6} = {D0714E99-0B62-44EE-B2B5-4B2E8E1C4D08}
		{817725CF-1D78-4CAC-8B2F-B2315C51586B} = {56CDFAFD-3ACD-4BB2-9A59-A6F5C11C9BFC}
		{BBC8D6F9-9C88-4D42-B997-CDAFA9961DB4} = {B8907535-2EFC-49EC-A41D-19CD8740C941}
		{E648FDFA-B978-4A6F-A6E6-55F113AC2C86} = {4FC64A62-1A04-463E-BF4F-120CAEA89207}
		{F22CBAF1-8254-4AC9-B50B-607545F650A3} = {66BAEC87-809C-40CB-960D-8DE1ECD3AA42}
		{037D00E9-EBD3-4BD3-83E9-BE9978D4ADF7} = {EC3EF40C-4237-4B60-B73C-D3EAD4349F1F}
		{58E4833E-766B-4EA6-92FD-E0B861677884} = {7B9D1BBB-B053-4390-B23E-10D5878EB1EA}
		{A2A69C7C-F1CE-4056-AC89-FC5246E5035F} = {98456FBF-807A-46BB-9E81-FB72053455A8}
		{60B7457C-9307-45C4-8422-5D6C791EDC44} = {B04B76D8-DC8E-42DC-BA7F-7320CBA3BA59}
		{AB4373F8-A6BA-4BD5-8E2A-70769BF10719} = {C28E4AD1-A817-4FB2-AA2C-B892AAAD49E2}
		{B4DF847E-6AC8-4D0C-B17C-539A0715F83E} = {CFC5438C-7013-4E55-960B-5F7CFBF130DA}
		{0284E84C-E8CF-4C10-8D71-9EFA9258564C} = {FAA3163E-2E35-458B-A16F-33D0775FD978}
		{10F0D50C-4BDF-4B82-B671-6E562BBCC76C} = {C48DA6FF-8685-480C-A387-F44380EC3753}
		{CA828D57-5A96-464D-A34A-27EC5639BC28} = {E0989DB6-A023-4D91-8B4F-1089F4205381}
		{A08EDCAB-7AEB-4927-B064-5EA5A3ED8273} = {B444DA02-4038-4114-88B4-4AE2BBB8205E}
	EndGlobalSection
	GlobalSection(ExtensibilityGlobals) = postSolution
		SolutionGuid = {07BE65F7-E858-4D5E-974C-C5E2B05AB83C}
	EndGlobalSection
EndGlobal
